// !$*UTF8*$!
{
	archiveVersion = 1;
	classes = {
	};
	objectVersion = 46;
	objects = {

/* Begin PBXBuildFile section */
		1416FAEC1E462A2200A84993 /* API.swift in Sources */ = {isa = PBXBuildFile; fileRef = 1416FAEB1E462A2200A84993 /* API.swift */; };
		14CCE4361E46903C00561739 /* EnrollResponse.swift in Sources */ = {isa = PBXBuildFile; fileRef = 14CCE4351E46903C00561739 /* EnrollResponse.swift */; };
		1D332BC41E45B49A0017DA48 /* AppDelegate.swift in Sources */ = {isa = PBXBuildFile; fileRef = 1D332BC31E45B49A0017DA48 /* AppDelegate.swift */; };
		1D332BC61E45B49A0017DA48 /* CameraViewController.swift in Sources */ = {isa = PBXBuildFile; fileRef = 1D332BC51E45B49A0017DA48 /* CameraViewController.swift */; };
		1D332BCB1E45B49A0017DA48 /* Assets.xcassets in Resources */ = {isa = PBXBuildFile; fileRef = 1D332BCA1E45B49A0017DA48 /* Assets.xcassets */; };
		1D332BCE1E45B49A0017DA48 /* LaunchScreen.storyboard in Resources */ = {isa = PBXBuildFile; fileRef = 1D332BCC1E45B49A0017DA48 /* LaunchScreen.storyboard */; };
		1D332BD61E461FEA0017DA48 /* SwiftyRecordButton.swift in Sources */ = {isa = PBXBuildFile; fileRef = 1D332BD51E461FEA0017DA48 /* SwiftyRecordButton.swift */; };
		1D332BD81E4620CB0017DA48 /* PeopleViewController.swift in Sources */ = {isa = PBXBuildFile; fileRef = 1D332BD71E4620CB0017DA48 /* PeopleViewController.swift */; };
		1D332BDA1E462AD00017DA48 /* Person.swift in Sources */ = {isa = PBXBuildFile; fileRef = 1D332BD91E462AD00017DA48 /* Person.swift */; };
		1DFD07861E462E9D00218D71 /* RecognizeResponse.swift in Sources */ = {isa = PBXBuildFile; fileRef = 1DFD07851E462E9D00218D71 /* RecognizeResponse.swift */; };
		1DFD07891E4638B800218D71 /* FaceViewModel.swift in Sources */ = {isa = PBXBuildFile; fileRef = 1DFD07881E4638B800218D71 /* FaceViewModel.swift */; };
		1DFD078D1E46632900218D71 /* ClearCell.swift in Sources */ = {isa = PBXBuildFile; fileRef = 1DFD078C1E46632900218D71 /* ClearCell.swift */; };
		1DFD078F1E46AA3C00218D71 /* UIImage+Extensions.swift in Sources */ = {isa = PBXBuildFile; fileRef = 1DFD078E1E46AA3C00218D71 /* UIImage+Extensions.swift */; };
		F09754C41F83A4DCDF4FBF52 /* Pods_FaceDex.framework in Frameworks */ = {isa = PBXBuildFile; fileRef = EE99F8F8424A7A4CB0219250 /* Pods_FaceDex.framework */; };
/* End PBXBuildFile section */

/* Begin PBXFileReference section */
		1416FAEB1E462A2200A84993 /* API.swift */ = {isa = PBXFileReference; fileEncoding = 4; lastKnownFileType = sourcecode.swift; path = API.swift; sourceTree = "<group>"; };
		14CCE4351E46903C00561739 /* EnrollResponse.swift */ = {isa = PBXFileReference; fileEncoding = 4; lastKnownFileType = sourcecode.swift; path = EnrollResponse.swift; sourceTree = "<group>"; };
		1D332BC01E45B49A0017DA48 /* FaceDex.app */ = {isa = PBXFileReference; explicitFileType = wrapper.application; includeInIndex = 0; path = FaceDex.app; sourceTree = BUILT_PRODUCTS_DIR; };
		1D332BC31E45B49A0017DA48 /* AppDelegate.swift */ = {isa = PBXFileReference; lastKnownFileType = sourcecode.swift; path = AppDelegate.swift; sourceTree = "<group>"; };
		1D332BC51E45B49A0017DA48 /* CameraViewController.swift */ = {isa = PBXFileReference; lastKnownFileType = sourcecode.swift; path = CameraViewController.swift; sourceTree = "<group>"; };
		1D332BCA1E45B49A0017DA48 /* Assets.xcassets */ = {isa = PBXFileReference; lastKnownFileType = folder.assetcatalog; path = Assets.xcassets; sourceTree = "<group>"; };
		1D332BCD1E45B49A0017DA48 /* Base */ = {isa = PBXFileReference; lastKnownFileType = file.storyboard; name = Base; path = Base.lproj/LaunchScreen.storyboard; sourceTree = "<group>"; };
		1D332BCF1E45B49A0017DA48 /* Info.plist */ = {isa = PBXFileReference; lastKnownFileType = text.plist.xml; path = Info.plist; sourceTree = "<group>"; };
		1D332BD51E461FEA0017DA48 /* SwiftyRecordButton.swift */ = {isa = PBXFileReference; fileEncoding = 4; lastKnownFileType = sourcecode.swift; path = SwiftyRecordButton.swift; sourceTree = "<group>"; };
		1D332BD71E4620CB0017DA48 /* PeopleViewController.swift */ = {isa = PBXFileReference; fileEncoding = 4; lastKnownFileType = sourcecode.swift; path = PeopleViewController.swift; sourceTree = "<group>"; };
		1D332BD91E462AD00017DA48 /* Person.swift */ = {isa = PBXFileReference; fileEncoding = 4; lastKnownFileType = sourcecode.swift; path = Person.swift; sourceTree = "<group>"; };
		1DFD07851E462E9D00218D71 /* RecognizeResponse.swift */ = {isa = PBXFileReference; fileEncoding = 4; lastKnownFileType = sourcecode.swift; path = RecognizeResponse.swift; sourceTree = "<group>"; };
		1DFD07881E4638B800218D71 /* FaceViewModel.swift */ = {isa = PBXFileReference; fileEncoding = 4; lastKnownFileType = sourcecode.swift; path = FaceViewModel.swift; sourceTree = "<group>"; };
		1DFD078C1E46632900218D71 /* ClearCell.swift */ = {isa = PBXFileReference; fileEncoding = 4; lastKnownFileType = sourcecode.swift; path = ClearCell.swift; sourceTree = "<group>"; };
		1DFD078E1E46AA3C00218D71 /* UIImage+Extensions.swift */ = {isa = PBXFileReference; fileEncoding = 4; lastKnownFileType = sourcecode.swift; path = "UIImage+Extensions.swift"; sourceTree = "<group>"; };
		58678E6F8E4428F73E259AEE /* Pods-FaceDex.release.xcconfig */ = {isa = PBXFileReference; includeInIndex = 1; lastKnownFileType = text.xcconfig; name = "Pods-FaceDex.release.xcconfig"; path = "Pods/Target Support Files/Pods-FaceDex/Pods-FaceDex.release.xcconfig"; sourceTree = "<group>"; };
		5ECE31550CD7E033998A610D /* Pods-FaceDex.debug.xcconfig */ = {isa = PBXFileReference; includeInIndex = 1; lastKnownFileType = text.xcconfig; name = "Pods-FaceDex.debug.xcconfig"; path = "Pods/Target Support Files/Pods-FaceDex/Pods-FaceDex.debug.xcconfig"; sourceTree = "<group>"; };
		EE99F8F8424A7A4CB0219250 /* Pods_FaceDex.framework */ = {isa = PBXFileReference; explicitFileType = wrapper.framework; includeInIndex = 0; path = Pods_FaceDex.framework; sourceTree = BUILT_PRODUCTS_DIR; };
/* End PBXFileReference section */

/* Begin PBXFrameworksBuildPhase section */
		1D332BBD1E45B49A0017DA48 /* Frameworks */ = {
			isa = PBXFrameworksBuildPhase;
			buildActionMask = 2147483647;
			files = (
				F09754C41F83A4DCDF4FBF52 /* Pods_FaceDex.framework in Frameworks */,
			);
			runOnlyForDeploymentPostprocessing = 0;
		};
/* End PBXFrameworksBuildPhase section */

/* Begin PBXGroup section */
		1D332BB71E45B49A0017DA48 = {
			isa = PBXGroup;
			children = (
				1D332BC21E45B49A0017DA48 /* FaceDex */,
				1D332BC11E45B49A0017DA48 /* Products */,
				6CAF320C4E7A1A7932E80041 /* Pods */,
				C3B5AF7CE54D2BB285CAFFCA /* Frameworks */,
			);
			sourceTree = "<group>";
		};
		1D332BC11E45B49A0017DA48 /* Products */ = {
			isa = PBXGroup;
			children = (
				1D332BC01E45B49A0017DA48 /* FaceDex.app */,
			);
			name = Products;
			sourceTree = "<group>";
		};
		1D332BC21E45B49A0017DA48 /* FaceDex */ = {
			isa = PBXGroup;
			children = (
				1D332BC31E45B49A0017DA48 /* AppDelegate.swift */,
				1416FAEB1E462A2200A84993 /* API.swift */,
				1D332BC51E45B49A0017DA48 /* CameraViewController.swift */,
				1DFD078E1E46AA3C00218D71 /* UIImage+Extensions.swift */,
				1D332BD51E461FEA0017DA48 /* SwiftyRecordButton.swift */,
				1D332BD71E4620CB0017DA48 /* PeopleViewController.swift */,
				1DFD07881E4638B800218D71 /* FaceViewModel.swift */,
				1DFD078C1E46632900218D71 /* ClearCell.swift */,
				1D332BD91E462AD00017DA48 /* Person.swift */,
				1DFD07851E462E9D00218D71 /* RecognizeResponse.swift */,
				14CCE4351E46903C00561739 /* EnrollResponse.swift */,
				1D332BCA1E45B49A0017DA48 /* Assets.xcassets */,
				1D332BCC1E45B49A0017DA48 /* LaunchScreen.storyboard */,
				1D332BCF1E45B49A0017DA48 /* Info.plist */,
			);
			path = FaceDex;
			sourceTree = "<group>";
		};
		6CAF320C4E7A1A7932E80041 /* Pods */ = {
			isa = PBXGroup;
			children = (
				5ECE31550CD7E033998A610D /* Pods-FaceDex.debug.xcconfig */,
				58678E6F8E4428F73E259AEE /* Pods-FaceDex.release.xcconfig */,
			);
			name = Pods;
			sourceTree = "<group>";
		};
		C3B5AF7CE54D2BB285CAFFCA /* Frameworks */ = {
			isa = PBXGroup;
			children = (
				EE99F8F8424A7A4CB0219250 /* Pods_FaceDex.framework */,
			);
			name = Frameworks;
			sourceTree = "<group>";
		};
/* End PBXGroup section */

/* Begin PBXNativeTarget section */
		1D332BBF1E45B49A0017DA48 /* FaceDex */ = {
			isa = PBXNativeTarget;
			buildConfigurationList = 1D332BD21E45B49A0017DA48 /* Build configuration list for PBXNativeTarget "FaceDex" */;
			buildPhases = (
				44D17C14E2C29C0582B620BC /* [CP] Check Pods Manifest.lock */,
				1D332BBC1E45B49A0017DA48 /* Sources */,
				1D332BBD1E45B49A0017DA48 /* Frameworks */,
				1D332BBE1E45B49A0017DA48 /* Resources */,
				AA475C36812D8D626C6DD5BC /* [CP] Embed Pods Frameworks */,
				4C4B93D6E2DEC75E480CC159 /* [CP] Copy Pods Resources */,
			);
			buildRules = (
			);
			dependencies = (
			);
			name = FaceDex;
			productName = FaceDex;
			productReference = 1D332BC01E45B49A0017DA48 /* FaceDex.app */;
			productType = "com.apple.product-type.application";
		};
/* End PBXNativeTarget section */

/* Begin PBXProject section */
		1D332BB81E45B49A0017DA48 /* Project object */ = {
			isa = PBXProject;
			attributes = {
				LastSwiftUpdateCheck = 0820;
				LastUpgradeCheck = 0820;
				ORGANIZATIONNAME = "Benjamin Emdon";
				TargetAttributes = {
					1D332BBF1E45B49A0017DA48 = {
						CreatedOnToolsVersion = 8.2.1;
						DevelopmentTeam = E299TDEV8Z;
						ProvisioningStyle = Automatic;
					};
				};
			};
			buildConfigurationList = 1D332BBB1E45B49A0017DA48 /* Build configuration list for PBXProject "FaceDex" */;
			compatibilityVersion = "Xcode 3.2";
			developmentRegion = English;
			hasScannedForEncodings = 0;
			knownRegions = (
				en,
				Base,
			);
			mainGroup = 1D332BB71E45B49A0017DA48;
			productRefGroup = 1D332BC11E45B49A0017DA48 /* Products */;
			projectDirPath = "";
			projectRoot = "";
			targets = (
				1D332BBF1E45B49A0017DA48 /* FaceDex */,
			);
		};
/* End PBXProject section */

/* Begin PBXResourcesBuildPhase section */
		1D332BBE1E45B49A0017DA48 /* Resources */ = {
			isa = PBXResourcesBuildPhase;
			buildActionMask = 2147483647;
			files = (
				1D332BCE1E45B49A0017DA48 /* LaunchScreen.storyboard in Resources */,
				1D332BCB1E45B49A0017DA48 /* Assets.xcassets in Resources */,
			);
			runOnlyForDeploymentPostprocessing = 0;
		};
/* End PBXResourcesBuildPhase section */

/* Begin PBXShellScriptBuildPhase section */
		44D17C14E2C29C0582B620BC /* [CP] Check Pods Manifest.lock */ = {
			isa = PBXShellScriptBuildPhase;
			buildActionMask = 2147483647;
			files = (
			);
			inputPaths = (
			);
			name = "[CP] Check Pods Manifest.lock";
			outputPaths = (
			);
			runOnlyForDeploymentPostprocessing = 0;
			shellPath = /bin/sh;
			shellScript = "diff \"${PODS_ROOT}/../Podfile.lock\" \"${PODS_ROOT}/Manifest.lock\" > /dev/null\nif [ $? != 0 ] ; then\n    # print error to STDERR\n    echo \"error: The sandbox is not in sync with the Podfile.lock. Run 'pod install' or update your CocoaPods installation.\" >&2\n    exit 1\nfi\n";
			showEnvVarsInLog = 0;
		};
		4C4B93D6E2DEC75E480CC159 /* [CP] Copy Pods Resources */ = {
			isa = PBXShellScriptBuildPhase;
			buildActionMask = 2147483647;
			files = (
			);
			inputPaths = (
			);
			name = "[CP] Copy Pods Resources";
			outputPaths = (
			);
			runOnlyForDeploymentPostprocessing = 0;
			shellPath = /bin/sh;
			shellScript = "\"${SRCROOT}/Pods/Target Support Files/Pods-FaceDex/Pods-FaceDex-resources.sh\"\n";
			showEnvVarsInLog = 0;
		};
		AA475C36812D8D626C6DD5BC /* [CP] Embed Pods Frameworks */ = {
			isa = PBXShellScriptBuildPhase;
			buildActionMask = 2147483647;
			files = (
			);
			inputPaths = (
			);
			name = "[CP] Embed Pods Frameworks";
			outputPaths = (
			);
			runOnlyForDeploymentPostprocessing = 0;
			shellPath = /bin/sh;
			shellScript = "\"${SRCROOT}/Pods/Target Support Files/Pods-FaceDex/Pods-FaceDex-frameworks.sh\"\n";
			showEnvVarsInLog = 0;
		};
/* End PBXShellScriptBuildPhase section */

/* Begin PBXSourcesBuildPhase section */
		1D332BBC1E45B49A0017DA48 /* Sources */ = {
			isa = PBXSourcesBuildPhase;
			buildActionMask = 2147483647;
			files = (
				1D332BDA1E462AD00017DA48 /* Person.swift in Sources */,
				1DFD07861E462E9D00218D71 /* RecognizeResponse.swift in Sources */,
				1D332BC61E45B49A0017DA48 /* CameraViewController.swift in Sources */,
				1D332BD81E4620CB0017DA48 /* PeopleViewController.swift in Sources */,
				1DFD078F1E46AA3C00218D71 /* UIImage+Extensions.swift in Sources */,
				1DFD07891E4638B800218D71 /* FaceViewModel.swift in Sources */,
				1D332BD61E461FEA0017DA48 /* SwiftyRecordButton.swift in Sources */,
				1DFD078D1E46632900218D71 /* ClearCell.swift in Sources */,
				14CCE4361E46903C00561739 /* EnrollResponse.swift in Sources */,
				1D332BC41E45B49A0017DA48 /* AppDelegate.swift in Sources */,
				1416FAEC1E462A2200A84993 /* API.swift in Sources */,
			);
			runOnlyForDeploymentPostprocessing = 0;
		};
/* End PBXSourcesBuildPhase section */

/* Begin PBXVariantGroup section */
		1D332BCC1E45B49A0017DA48 /* LaunchScreen.storyboard */ = {
			isa = PBXVariantGroup;
			children = (
				1D332BCD1E45B49A0017DA48 /* Base */,
			);
			name = LaunchScreen.storyboard;
			sourceTree = "<group>";
		};
/* End PBXVariantGroup section */

/* Begin XCBuildConfiguration section */
		1D332BD01E45B49A0017DA48 /* Debug */ = {
			isa = XCBuildConfiguration;
			buildSettings = {
				ALWAYS_SEARCH_USER_PATHS = NO;
				CLANG_ANALYZER_NONNULL = YES;
				CLANG_CXX_LANGUAGE_STANDARD = "gnu++0x";
				CLANG_CXX_LIBRARY = "libc++";
				CLANG_ENABLE_MODULES = YES;
				CLANG_ENABLE_OBJC_ARC = YES;
				CLANG_WARN_BOOL_CONVERSION = YES;
				CLANG_WARN_CONSTANT_CONVERSION = YES;
				CLANG_WARN_DIRECT_OBJC_ISA_USAGE = YES_ERROR;
				CLANG_WARN_DOCUMENTATION_COMMENTS = YES;
				CLANG_WARN_EMPTY_BODY = YES;
				CLANG_WARN_ENUM_CONVERSION = YES;
				CLANG_WARN_INFINITE_RECURSION = YES;
				CLANG_WARN_INT_CONVERSION = YES;
				CLANG_WARN_OBJC_ROOT_CLASS = YES_ERROR;
				CLANG_WARN_SUSPICIOUS_MOVE = YES;
				CLANG_WARN_UNREACHABLE_CODE = YES;
				CLANG_WARN__DUPLICATE_METHOD_MATCH = YES;
				"CODE_SIGN_IDENTITY[sdk=iphoneos*]" = "iPhone Developer";
				COPY_PHASE_STRIP = NO;
				DEBUG_INFORMATION_FORMAT = dwarf;
				ENABLE_STRICT_OBJC_MSGSEND = YES;
				ENABLE_TESTABILITY = YES;
				GCC_C_LANGUAGE_STANDARD = gnu99;
				GCC_DYNAMIC_NO_PIC = NO;
				GCC_NO_COMMON_BLOCKS = YES;
				GCC_OPTIMIZATION_LEVEL = 0;
				GCC_PREPROCESSOR_DEFINITIONS = (
					"DEBUG=1",
					"$(inherited)",
				);
				GCC_WARN_64_TO_32_BIT_CONVERSION = YES;
				GCC_WARN_ABOUT_RETURN_TYPE = YES_ERROR;
				GCC_WARN_UNDECLARED_SELECTOR = YES;
				GCC_WARN_UNINITIALIZED_AUTOS = YES_AGGRESSIVE;
				GCC_WARN_UNUSED_FUNCTION = YES;
				GCC_WARN_UNUSED_VARIABLE = YES;
				IPHONEOS_DEPLOYMENT_TARGET = 10.2;
				MTL_ENABLE_DEBUG_INFO = YES;
				ONLY_ACTIVE_ARCH = YES;
				SDKROOT = iphoneos;
				SWIFT_ACTIVE_COMPILATION_CONDITIONS = DEBUG;
				SWIFT_OPTIMIZATION_LEVEL = "-Onone";
				TARGETED_DEVICE_FAMILY = "1,2";
			};
			name = Debug;
		};
		1D332BD11E45B49A0017DA48 /* Release */ = {
			isa = XCBuildConfiguration;
			buildSettings = {
				ALWAYS_SEARCH_USER_PATHS = NO;
				CLANG_ANALYZER_NONNULL = YES;
				CLANG_CXX_LANGUAGE_STANDARD = "gnu++0x";
				CLANG_CXX_LIBRARY = "libc++";
				CLANG_ENABLE_MODULES = YES;
				CLANG_ENABLE_OBJC_ARC = YES;
				CLANG_WARN_BOOL_CONVERSION = YES;
				CLANG_WARN_CONSTANT_CONVERSION = YES;
				CLANG_WARN_DIRECT_OBJC_ISA_USAGE = YES_ERROR;
				CLANG_WARN_DOCUMENTATION_COMMENTS = YES;
				CLANG_WARN_EMPTY_BODY = YES;
				CLANG_WARN_ENUM_CONVERSION = YES;
				CLANG_WARN_INFINITE_RECURSION = YES;
				CLANG_WARN_INT_CONVERSION = YES;
				CLANG_WARN_OBJC_ROOT_CLASS = YES_ERROR;
				CLANG_WARN_SUSPICIOUS_MOVE = YES;
				CLANG_WARN_UNREACHABLE_CODE = YES;
				CLANG_WARN__DUPLICATE_METHOD_MATCH = YES;
				"CODE_SIGN_IDENTITY[sdk=iphoneos*]" = "iPhone Developer";
				COPY_PHASE_STRIP = NO;
				DEBUG_INFORMATION_FORMAT = "dwarf-with-dsym";
				ENABLE_NS_ASSERTIONS = NO;
				ENABLE_STRICT_OBJC_MSGSEND = YES;
				GCC_C_LANGUAGE_STANDARD = gnu99;
				GCC_NO_COMMON_BLOCKS = YES;
				GCC_WARN_64_TO_32_BIT_CONVERSION = YES;
				GCC_WARN_ABOUT_RETURN_TYPE = YES_ERROR;
				GCC_WARN_UNDECLARED_SELECTOR = YES;
				GCC_WARN_UNINITIALIZED_AUTOS = YES_AGGRESSIVE;
				GCC_WARN_UNUSED_FUNCTION = YES;
				GCC_WARN_UNUSED_VARIABLE = YES;
				IPHONEOS_DEPLOYMENT_TARGET = 10.2;
				MTL_ENABLE_DEBUG_INFO = NO;
				SDKROOT = iphoneos;
				SWIFT_OPTIMIZATION_LEVEL = "-Owholemodule";
				TARGETED_DEVICE_FAMILY = "1,2";
				VALIDATE_PRODUCT = YES;
			};
			name = Release;
		};
		1D332BD31E45B49A0017DA48 /* Debug */ = {
			isa = XCBuildConfiguration;
			baseConfigurationReference = 5ECE31550CD7E033998A610D /* Pods-FaceDex.debug.xcconfig */;
			buildSettings = {
				ASSETCATALOG_COMPILER_APPICON_NAME = AppIcon;
				DEVELOPMENT_TEAM = E299TDEV8Z;
				INFOPLIST_FILE = FaceDex/Info.plist;
				LD_RUNPATH_SEARCH_PATHS = "$(inherited) @executable_path/Frameworks";
				PRODUCT_BUNDLE_IDENTIFIER = io.BranchBrunch.FaceDex;
				PRODUCT_NAME = "$(TARGET_NAME)";
				SWIFT_VERSION = 3.0;
			};
			name = Debug;
		};
		1D332BD41E45B49A0017DA48 /* Release */ = {
			isa = XCBuildConfiguration;
			baseConfigurationReference = 58678E6F8E4428F73E259AEE /* Pods-FaceDex.release.xcconfig */;
			buildSettings = {
				ASSETCATALOG_COMPILER_APPICON_NAME = AppIcon;
				DEVELOPMENT_TEAM = E299TDEV8Z;
				INFOPLIST_FILE = FaceDex/Info.plist;
				LD_RUNPATH_SEARCH_PATHS = "$(inherited) @executable_path/Frameworks";
				PRODUCT_BUNDLE_IDENTIFIER = io.BranchBrunch.FaceDex;
				PRODUCT_NAME = "$(TARGET_NAME)";
				SWIFT_VERSION = 3.0;
			};
			name = Release;
		};
/* End XCBuildConfiguration section */

/* Begin XCConfigurationList section */
		1D332BBB1E45B49A0017DA48 /* Build configuration list for PBXProject "FaceDex" */ = {
			isa = XCConfigurationList;
			buildConfigurations = (
				1D332BD01E45B49A0017DA48 /* Debug */,
				1D332BD11E45B49A0017DA48 /* Release */,
			);
			defaultConfigurationIsVisible = 0;
			defaultConfigurationName = Release;
		};
		1D332BD21E45B49A0017DA48 /* Build configuration list for PBXNativeTarget "FaceDex" */ = {
			isa = XCConfigurationList;
			buildConfigurations = (
				1D332BD31E45B49A0017DA48 /* Debug */,
				1D332BD41E45B49A0017DA48 /* Release */,
			);
			defaultConfigurationIsVisible = 0;
			defaultConfigurationName = Release;
		};
/* End XCConfigurationList section */
	};
	rootObject = 1D332BB81E45B49A0017DA48 /* Project object */;
}
